Microsoft Visual Studio Solution File, Format Version 8.00
Project("{8BC9CEB8-8B4A-11D0-8D11-00A0C91BC942}") = "CxImage", "cximage\cximage.vcproj", "{FE5613F0-5F94-4706-83CF-C364BF8E1FEF}"
	ProjectSection(ProjectDependencies) = postProject
	EndProjectSection
EndProject
Project("{8BC9CEB8-8B4A-11D0-8D11-00A0C91BC942}") = "CxImageCrtDll", "CxImage\CxImageDLL\CxImageCrtDll.vcproj", "{BE823346-8526-4EB7-9BB8-741BD71EE1AA}"
	ProjectSection(ProjectDependencies) = postProject
		{887934CC-2AA7-406A-A677-A15F3AE19B6A} = {887934CC-2AA7-406A-A677-A15F3AE19B6A}
		{29961A64-AFBF-4F9E-8FA0-C2B60D7E20C9} = {29961A64-AFBF-4F9E-8FA0-C2B60D7E20C9}
		{08F9316E-1B52-4F78-B03A-2785684A6179} = {08F9316E-1B52-4F78-B03A-2785684A6179}
		{EA7BC737-EFD0-44F7-ABD9-9D0C97D07C30} = {EA7BC737-EFD0-44F7-ABD9-9D0C97D07C30}
		{8080C122-FB34-4745-A4E4-28755C8CFA04} = {8080C122-FB34-4745-A4E4-28755C8CFA04}
		{3850C17A-4F55-4D8C-825A-92DDE2D838BA} = {3850C17A-4F55-4D8C-825A-92DDE2D838BA}
		{4A44BE5E-0761-476B-92D5-D94A92251720} = {4A44BE5E-0761-476B-92D5-D94A92251720}
	EndProjectSection
EndProject
Project("{8BC9CEB8-8B4A-11D0-8D11-00A0C91BC942}") = "CxImageMfcDll", "CxImage\CxImageDLL\cximagemfcdll.vcproj", "{CD94F803-68F3-4C72-A0C6-2E26A5D500FD}"
	ProjectSection(ProjectDependencies) = postProject
		{887934CC-2AA7-406A-A677-A15F3AE19B6A} = {887934CC-2AA7-406A-A677-A15F3AE19B6A}
		{29961A64-AFBF-4F9E-8FA0-C2B60D7E20C9} = {29961A64-AFBF-4F9E-8FA0-C2B60D7E20C9}
		{08F9316E-1B52-4F78-B03A-2785684A6179} = {08F9316E-1B52-4F78-B03A-2785684A6179}
		{EA7BC737-EFD0-44F7-ABD9-9D0C97D07C30} = {EA7BC737-EFD0-44F7-ABD9-9D0C97D07C30}
		{8080C122-FB34-4745-A4E4-28755C8CFA04} = {8080C122-FB34-4745-A4E4-28755C8CFA04}
		{3850C17A-4F55-4D8C-825A-92DDE2D838BA} = {3850C17A-4F55-4D8C-825A-92DDE2D838BA}
		{4A44BE5E-0761-476B-92D5-D94A92251720} = {4A44BE5E-0761-476B-92D5-D94A92251720}
	EndProjectSection
EndProject
Project("{8BC9CEB8-8B4A-11D0-8D11-00A0C91BC942}") = "demo", "demo\demo.vcproj", "{113566DC-E8FF-4D98-AE15-DBD60AB53A3B}"
	ProjectSection(ProjectDependencies) = postProject
		{887934CC-2AA7-406A-A677-A15F3AE19B6A} = {887934CC-2AA7-406A-A677-A15F3AE19B6A}
		{4A44BE5E-0761-476B-92D5-D94A92251720} = {4A44BE5E-0761-476B-92D5-D94A92251720}
		{3850C17A-4F55-4D8C-825A-92DDE2D838BA} = {3850C17A-4F55-4D8C-825A-92DDE2D838BA}
		{29961A64-AFBF-4F9E-8FA0-C2B60D7E20C9} = {29961A64-AFBF-4F9E-8FA0-C2B60D7E20C9}
		{08F9316E-1B52-4F78-B03A-2785684A6179} = {08F9316E-1B52-4F78-B03A-2785684A6179}
		{EA7BC737-EFD0-44F7-ABD9-9D0C97D07C30} = {EA7BC737-EFD0-44F7-ABD9-9D0C97D07C30}
		{8080C122-FB34-4745-A4E4-28755C8CFA04} = {8080C122-FB34-4745-A4E4-28755C8CFA04}
		{FE5613F0-5F94-4706-83CF-C364BF8E1FEF} = {FE5613F0-5F94-4706-83CF-C364BF8E1FEF}
	EndProjectSection
EndProject
Project("{8BC9CEB8-8B4A-11D0-8D11-00A0C91BC942}") = "demoDll", "demo\demoDLL.vcproj", "{3660ADA6-C9A6-4D38-97F5-74F619A9C115}"
	ProjectSection(ProjectDependencies) = postProject
		{BE823346-8526-4EB7-9BB8-741BD71EE1AA} = {BE823346-8526-4EB7-9BB8-741BD71EE1AA}
	EndProjectSection
EndProject
Project("{8BC9CEB8-8B4A-11D0-8D11-00A0C91BC942}") = "j2k", "j2k\j2k.vcproj", "{4A44BE5E-0761-476B-92D5-D94A92251720}"
	ProjectSection(ProjectDependencies) = postProject
	EndProjectSection
EndProject
Project("{8BC9CEB8-8B4A-11D0-8D11-00A0C91BC942}") = "jasper", "jasper\jasper.vcproj", "{887934CC-2AA7-406A-A677-A15F3AE19B6A}"
	ProjectSection(ProjectDependencies) = postProject
	EndProjectSection
EndProject
Project("{8BC9CEB8-8B4A-11D0-8D11-00A0C91BC942}") = "jbig", "jbig\jbig.vcproj", "{3850C17A-4F55-4D8C-825A-92DDE2D838BA}"
	ProjectSection(ProjectDependencies) = postProject
	EndProjectSection
EndProject
Project("{8BC9CEB8-8B4A-11D0-8D11-00A0C91BC942}") = "jpeg", "jpeg\Jpeg.vcproj", "{8080C122-FB34-4745-A4E4-28755C8CFA04}"
	ProjectSection(ProjectDependencies) = postProject
	EndProjectSection
EndProject
Project("{8BC9CEB8-8B4A-11D0-8D11-00A0C91BC942}") = "png", "png\png.vcproj", "{EA7BC737-EFD0-44F7-ABD9-9D0C97D07C30}"
	ProjectSection(ProjectDependencies) = postProject
	EndProjectSection
EndProject
Project("{8BC9CEB8-8B4A-11D0-8D11-00A0C91BC942}") = "tiff", "tiff\Tiff.vcproj", "{08F9316E-1B52-4F78-B03A-2785684A6179}"
	ProjectSection(ProjectDependencies) = postProject
	EndProjectSection
EndProject
Project("{8BC9CEB8-8B4A-11D0-8D11-00A0C91BC942}") = "zlib", "zlib\zlib.vcproj", "{29961A64-AFBF-4F9E-8FA0-C2B60D7E20C9}"
	ProjectSection(ProjectDependencies) = postProject
	EndProjectSection
EndProject
Project("{8BC9CEB8-8B4A-11D0-8D11-00A0C91BC942}") = "bg_trans", "bg_trans\bg_trans.vcproj", "{55DC4C93-856F-4776-9C24-E904B2B6F560}"
	ProjectSection(ProjectDependencies) = postProject
	EndProjectSection
EndProject
Global
	GlobalSection(SolutionConfiguration) = preSolution
		Debug = Debug
		Release = Release
	EndGlobalSection
	GlobalSection(ProjectDependencies) = postSolution
	EndGlobalSection
	GlobalSection(ProjectConfiguration) = postSolution
		{FE5613F0-5F94-4706-83CF-C364BF8E1FEF}.Debug.ActiveCfg = Debug|Win32
		{FE5613F0-5F94-4706-83CF-C364BF8E1FEF}.Debug.Build.0 = Debug|Win32
		{FE5613F0-5F94-4706-83CF-C364BF8E1FEF}.Release.ActiveCfg = Release|Win32
		{FE5613F0-5F94-4706-83CF-C364BF8E1FEF}.Release.Build.0 = Release|Win32
		{BE823346-8526-4EB7-9BB8-741BD71EE1AA}.Debug.ActiveCfg = Debug|Win32
		{BE823346-8526-4EB7-9BB8-741BD71EE1AA}.Debug.Build.0 = Debug|Win32
		{BE823346-8526-4EB7-9BB8-741BD71EE1AA}.Release.ActiveCfg = Release|Win32
		{BE823346-8526-4EB7-9BB8-741BD71EE1AA}.Release.Build.0 = Release|Win32
		{CD94F803-68F3-4C72-A0C6-2E26A5D500FD}.Debug.ActiveCfg = Debug|Win32
		{CD94F803-68F3-4C72-A0C6-2E26A5D500FD}.Debug.Build.0 = Debug|Win32
		{CD94F803-68F3-4C72-A0C6-2E26A5D500FD}.Release.ActiveCfg = Release|Win32
		{CD94F803-68F3-4C72-A0C6-2E26A5D500FD}.Release.Build.0 = Release|Win32
		{113566DC-E8FF-4D98-AE15-DBD60AB53A3B}.Debug.ActiveCfg = Debug|Win32
		{113566DC-E8FF-4D98-AE15-DBD60AB53A3B}.Debug.Build.0 = Debug|Win32
		{113566DC-E8FF-4D98-AE15-DBD60AB53A3B}.Release.ActiveCfg = Release|Win32
		{113566DC-E8FF-4D98-AE15-DBD60AB53A3B}.Release.Build.0 = Release|Win32
		{3660ADA6-C9A6-4D38-97F5-74F619A9C115}.Debug.ActiveCfg = Debug|Win32
		{3660ADA6-C9A6-4D38-97F5-74F619A9C115}.Debug.Build.0 = Debug|Win32
		{3660ADA6-C9A6-4D38-97F5-74F619A9C115}.Release.ActiveCfg = Release|Win32
		{3660ADA6-C9A6-4D38-97F5-74F619A9C115}.Release.Build.0 = Release|Win32
		{4A44BE5E-0761-476B-92D5-D94A92251720}.Debug.ActiveCfg = Debug|Win32
		{4A44BE5E-0761-476B-92D5-D94A92251720}.Debug.Build.0 = Debug|Win32
		{4A44BE5E-0761-476B-92D5-D94A92251720}.Release.ActiveCfg = Release|Win32
		{4A44BE5E-0761-476B-92D5-D94A92251720}.Release.Build.0 = Release|Win32
		{887934CC-2AA7-406A-A677-A15F3AE19B6A}.Debug.ActiveCfg = Debug|Win32
		{887934CC-2AA7-406A-A677-A15F3AE19B6A}.Debug.Build.0 = Debug|Win32
		{887934CC-2AA7-406A-A677-A15F3AE19B6A}.Release.ActiveCfg = Release|Win32
		{887934CC-2AA7-406A-A677-A15F3AE19B6A}.Release.Build.0 = Release|Win32
		{3850C17A-4F55-4D8C-825A-92DDE2D838BA}.Debug.ActiveCfg = Debug|Win32
		{3850C17A-4F55-4D8C-825A-92DDE2D838BA}.Debug.Build.0 = Debug|Win32
		{3850C17A-4F55-4D8C-825A-92DDE2D838BA}.Release.ActiveCfg = Release|Win32
		{3850C17A-4F55-4D8C-825A-92DDE2D838BA}.Release.Build.0 = Release|Win32
		{8080C122-FB34-4745-A4E4-28755C8CFA04}.Debug.ActiveCfg = Debug|Win32
		{8080C122-FB34-4745-A4E4-28755C8CFA04}.Debug.Build.0 = Debug|Win32
		{8080C122-FB34-4745-A4E4-28755C8CFA04}.Release.ActiveCfg = Release|Win32
		{8080C122-FB34-4745-A4E4-28755C8CFA04}.Release.Build.0 = Release|Win32
		{EA7BC737-EFD0-44F7-ABD9-9D0C97D07C30}.Debug.ActiveCfg = Debug|Win32
		{EA7BC737-EFD0-44F7-ABD9-9D0C97D07C30}.Debug.Build.0 = Debug|Win32
		{EA7BC737-EFD0-44F7-ABD9-9D0C97D07C30}.Release.ActiveCfg = Release|Win32
		{EA7BC737-EFD0-44F7-ABD9-9D0C97D07C30}.Release.Build.0 = Release|Win32
		{08F9316E-1B52-4F78-B03A-2785684A6179}.Debug.ActiveCfg = Debug|Win32
		{08F9316E-1B52-4F78-B03A-2785684A6179}.Debug.Build.0 = Debug|Win32
		{08F9316E-1B52-4F78-B03A-2785684A6179}.Release.ActiveCfg = Release|Win32
		{08F9316E-1B52-4F78-B03A-2785684A6179}.Release.Build.0 = Release|Win32
		{29961A64-AFBF-4F9E-8FA0-C2B60D7E20C9}.Debug.ActiveCfg = Debug|Win32
		{29961A64-AFBF-4F9E-8FA0-C2B60D7E20C9}.Debug.Build.0 = Debug|Win32
		{29961A64-AFBF-4F9E-8FA0-C2B60D7E20C9}.Release.ActiveCfg = Release|Win32
		{29961A64-AFBF-4F9E-8FA0-C2B60D7E20C9}.Release.Build.0 = Release|Win32
		{55DC4C93-856F-4776-9C24-E904B2B6F560}.Debug.ActiveCfg = Debug|Win32
		{55DC4C93-856F-4776-9C24-E904B2B6F560}.Debug.Build.0 = Debug|Win32
		{55DC4C93-856F-4776-9C24-E904B2B6F560}.Release.ActiveCfg = Release|Win32
		{55DC4C93-856F-4776-9C24-E904B2B6F560}.Release.Build.0 = Release|Win32
	EndGlobalSection
	GlobalSection(ExtensibilityGlobals) = postSolution
	EndGlobalSection
	GlobalSection(ExtensibilityAddIns) = postSolution
	EndGlobalSection
EndGlobal
